// !$*UTF8*$!
{
	archiveVersion = 1;
	classes = {
	};
	objectVersion = 50;
	objects = {

/* Begin PBXBuildFile section */
		953AE18523927F9500303725 /* AppDelegate.swift in Sources */ = {isa = PBXBuildFile; fileRef = 953AE18423927F9500303725 /* AppDelegate.swift */; };
		953AE18723927F9500303725 /* DetailViewController.swift in Sources */ = {isa = PBXBuildFile; fileRef = 953AE18623927F9500303725 /* DetailViewController.swift */; };
		953AE18A23927F9500303725 /* Main.storyboard in Resources */ = {isa = PBXBuildFile; fileRef = 953AE18823927F9500303725 /* Main.storyboard */; };
		953AE18C23927F9500303725 /* Assets.xcassets in Resources */ = {isa = PBXBuildFile; fileRef = 953AE18B23927F9500303725 /* Assets.xcassets */; };
		953AE18F23927F9500303725 /* LaunchScreen.storyboard in Resources */ = {isa = PBXBuildFile; fileRef = 953AE18D23927F9500303725 /* LaunchScreen.storyboard */; };
		953AE19723927FF600303725 /* ProductModel.swift in Sources */ = {isa = PBXBuildFile; fileRef = 953AE19623927FF600303725 /* ProductModel.swift */; };
		953AE1992392813F00303725 /* ProductPageViewController.swift in Sources */ = {isa = PBXBuildFile; fileRef = 953AE1982392813F00303725 /* ProductPageViewController.swift */; };
		953AE19B2392929E00303725 /* Visitor.swift in Sources */ = {isa = PBXBuildFile; fileRef = 953AE19A2392929E00303725 /* Visitor.swift */; };
/* End PBXBuildFile section */

/* Begin PBXFileReference section */
		953AE18123927F9500303725 /* VisitorPatternExample.app */ = {isa = PBXFileReference; explicitFileType = wrapper.application; includeInIndex = 0; path = VisitorPatternExample.app; sourceTree = BUILT_PRODUCTS_DIR; };
		953AE18423927F9500303725 /* AppDelegate.swift */ = {isa = PBXFileReference; lastKnownFileType = sourcecode.swift; path = AppDelegate.swift; sourceTree = "<group>"; };
		953AE18623927F9500303725 /* DetailViewController.swift */ = {isa = PBXFileReference; lastKnownFileType = sourcecode.swift; path = DetailViewController.swift; sourceTree = "<group>"; };
		953AE18923927F9500303725 /* Base */ = {isa = PBXFileReference; lastKnownFileType = file.storyboard; name = Base; path = Base.lproj/Main.storyboard; sourceTree = "<group>"; };
		953AE18B23927F9500303725 /* Assets.xcassets */ = {isa = PBXFileReference; lastKnownFileType = folder.assetcatalog; path = Assets.xcassets; sourceTree = "<group>"; };
		953AE18E23927F9500303725 /* Base */ = {isa = PBXFileReference; lastKnownFileType = file.storyboard; name = Base; path = Base.lproj/LaunchScreen.storyboard; sourceTree = "<group>"; };
		953AE19023927F9500303725 /* Info.plist */ = {isa = PBXFileReference; lastKnownFileType = text.plist.xml; path = Info.plist; sourceTree = "<group>"; };
		953AE19623927FF600303725 /* ProductModel.swift */ = {isa = PBXFileReference; lastKnownFileType = sourcecode.swift; path = ProductModel.swift; sourceTree = "<group>"; };
		953AE1982392813F00303725 /* ProductPageViewController.swift */ = {isa = PBXFileReference; lastKnownFileType = sourcecode.swift; path = ProductPageViewController.swift; sourceTree = "<group>"; };
		953AE19A2392929E00303725 /* Visitor.swift */ = {isa = PBXFileReference; lastKnownFileType = sourcecode.swift; path = Visitor.swift; sourceTree = "<group>"; };
/* End PBXFileReference section */

/* Begin PBXFrameworksBuildPhase section */
		953AE17E23927F9500303725 /* Frameworks */ = {
			isa = PBXFrameworksBuildPhase;
			buildActionMask = 2147483647;
			files = (
			);
			runOnlyForDeploymentPostprocessing = 0;
		};
/* End PBXFrameworksBuildPhase section */

/* Begin PBXGroup section */
		953AE17823927F9500303725 = {
			isa = PBXGroup;
			children = (
				953AE18323927F9500303725 /* VisitorPatternExample */,
				953AE18223927F9500303725 /* Products */,
			);
			sourceTree = "<group>";
		};
		953AE18223927F9500303725 /* Products */ = {
			isa = PBXGroup;
			children = (
				953AE18123927F9500303725 /* VisitorPatternExample.app */,
			);
			name = Products;
			sourceTree = "<group>";
		};
		953AE18323927F9500303725 /* VisitorPatternExample */ = {
			isa = PBXGroup;
			children = (
				953AE18423927F9500303725 /* AppDelegate.swift */,
				953AE18623927F9500303725 /* DetailViewController.swift */,
				953AE1982392813F00303725 /* ProductPageViewController.swift */,
				953AE18823927F9500303725 /* Main.storyboard */,
				953AE18B23927F9500303725 /* Assets.xcassets */,
				953AE18D23927F9500303725 /* LaunchScreen.storyboard */,
				953AE19023927F9500303725 /* Info.plist */,
				953AE19623927FF600303725 /* ProductModel.swift */,
				953AE19A2392929E00303725 /* Visitor.swift */,
			);
			path = VisitorPatternExample;
			sourceTree = "<group>";
		};
/* End PBXGroup section */

/* Begin PBXNativeTarget section */
		953AE18023927F9500303725 /* VisitorPatternExample */ = {
			isa = PBXNativeTarget;
			buildConfigurationList = 953AE19323927F9500303725 /* Build configuration list for PBXNativeTarget "VisitorPatternExample" */;
			buildPhases = (
				953AE17D23927F9500303725 /* Sources */,
				953AE17E23927F9500303725 /* Frameworks */,
				953AE17F23927F9500303725 /* Resources */,
			);
			buildRules = (
			);
			dependencies = (
			);
			name = VisitorPatternExample;
			productName = VisitorPatternExample;
			productReference = 953AE18123927F9500303725 /* VisitorPatternExample.app */;
			productType = "com.apple.product-type.application";
		};
/* End PBXNativeTarget section */

/* Begin PBXProject section */
		953AE17923927F9500303725 /* Project object */ = {
			isa = PBXProject;
			attributes = {
				LastSwiftUpdateCheck = 1010;
				LastUpgradeCheck = 1010;
				ORGANIZATIONNAME = "Tolga Taner";
				TargetAttributes = {
					953AE18023927F9500303725 = {
						CreatedOnToolsVersion = 10.1;
					};
				};
			};
			buildConfigurationList = 953AE17C23927F9500303725 /* Build configuration list for PBXProject "VisitorPatternExample" */;
			compatibilityVersion = "Xcode 9.3";
			developmentRegion = en;
			hasScannedForEncodings = 0;
			knownRegions = (
				en,
				Base,
			);
			mainGroup = 953AE17823927F9500303725;
			productRefGroup = 953AE18223927F9500303725 /* Products */;
			projectDirPath = "";
			projectRoot = "";
			targets = (
				953AE18023927F9500303725 /* VisitorPatternExample */,
			);
		};
/* End PBXProject section */

/* Begin PBXResourcesBuildPhase section */
		953AE17F23927F9500303725 /* Resources */ = {
			isa = PBXResourcesBuildPhase;
			buildActionMask = 2147483647;
			files = (
				953AE18F23927F9500303725 /* LaunchScreen.storyboard in Resources */,
				953AE18C23927F9500303725 /* Assets.xcassets in Resources */,
				953AE18A23927F9500303725 /* Main.storyboard in Resources */,
			);
			runOnlyForDeploymentPostprocessing = 0;
		};
/* End PBXResourcesBuildPhase section */

/* Begin PBXSourcesBuildPhase section */
		953AE17D23927F9500303725 /* Sources */ = {
			isa = PBXSourcesBuildPhase;
			buildActionMask = 2147483647;
			files = (
				953AE18723927F9500303725 /* DetailViewController.swift in Sources */,
				953AE19723927FF600303725 /* ProductModel.swift in Sources */,
				953AE18523927F9500303725 /* AppDelegate.swift in Sources */,
				953AE19B2392929E00303725 /* Visitor.swift in Sources */,
				953AE1992392813F00303725 /* ProductPageViewController.swift in Sources */,
			);
			runOnlyForDeploymentPostprocessing = 0;
		};
/* End PBXSourcesBuildPhase section */

/* Begin PBXVariantGroup section */
		953AE18823927F9500303725 /* Main.storyboard */ = {
			isa = PBXVariantGroup;
			children = (
				953AE18923927F9500303725 /* Base */,
			);
			name = Main.storyboard;
			sourceTree = "<group>";
		};
		953AE18D23927F9500303725 /* LaunchScreen.storyboard */ = {
			isa = PBXVariantGroup;
			children = (
				953AE18E23927F9500303725 /* Base */,
			);
			name = LaunchScreen.storyboard;
			sourceTree = "<group>";
		};
/* End PBXVariantGroup section */

/* Begin XCBuildConfiguration section */
		953AE19123927F9500303725 /* Debug */ = {
			isa = XCBuildConfiguration;
			buildSettings = {
				ALWAYS_SEARCH_USER_PATHS = NO;
				CLANG_ANALYZER_NONNULL = YES;
				CLANG_ANALYZER_NUMBER_OBJECT_CONVERSION = YES_AGGRESSIVE;
				CLANG_CXX_LANGUAGE_STANDARD = "gnu++14";
				CLANG_CXX_LIBRARY = "libc++";
				CLANG_ENABLE_MODULES = YES;
				CLANG_ENABLE_OBJC_ARC = YES;
				CLANG_ENABLE_OBJC_WEAK = YES;
				CLANG_WARN_BLOCK_CAPTURE_AUTORELEASING = YES;
				CLANG_WARN_BOOL_CONVERSION = YES;
				CLANG_WARN_COMMA = YES;
				CLANG_WARN_CONSTANT_CONVERSION = YES;
				CLANG_WARN_DEPRECATED_OBJC_IMPLEMENTATIONS = YES;
				CLANG_WARN_DIRECT_OBJC_ISA_USAGE = YES_ERROR;
				CLANG_WARN_DOCUMENTATION_COMMENTS = YES;
				CLANG_WARN_EMPTY_BODY = YES;
				CLANG_WARN_ENUM_CONVERSION = YES;
				CLANG_WARN_INFINITE_RECURSION = YES;
				CLANG_WARN_INT_CONVERSION = YES;
				CLANG_WARN_NON_LITERAL_NULL_CONVERSION = YES;
				CLANG_WARN_OBJC_IMPLICIT_RETAIN_SELF = YES;
				CLANG_WARN_OBJC_LITERAL_CONVERSION = YES;
				CLANG_WARN_OBJC_ROOT_CLASS = YES_ERROR;
				CLANG_WARN_RANGE_LOOP_ANALYSIS = YES;
				CLANG_WARN_STRICT_PROTOTYPES = YES;
				CLANG_WARN_SUSPICIOUS_MOVE = YES;
				CLANG_WARN_UNGUARDED_AVAILABILITY = YES_AGGRESSIVE;
				CLANG_WARN_UNREACHABLE_CODE = YES;
				CLANG_WARN__DUPLICATE_METHOD_MATCH = YES;
				CODE_SIGN_IDENTITY = "iPhone Developer";
				COPY_PHASE_STRIP = NO;
				DEBUG_INFORMATION_FORMAT = dwarf;
				ENABLE_STRICT_OBJC_MSGSEND = YES;
				ENABLE_TESTABILITY = YES;
				GCC_C_LANGUAGE_STANDARD = gnu11;
				GCC_DYNAMIC_NO_PIC = NO;
				GCC_NO_COMMON_BLOCKS = YES;
				GCC_OPTIMIZATION_LEVEL = 0;
				GCC_PREPROCESSOR_DEFINITIONS = (
					"DEBUG=1",
					"$(inherited)",
				);
				GCC_WARN_64_TO_32_BIT_CONVERSION = YES;
				GCC_WARN_ABOUT_RETURN_TYPE = YES_ERROR;
				GCC_WARN_UNDECLARED_SELECTOR = YES;
				GCC_WARN_UNINITIALIZED_AUTOS = YES_AGGRESSIVE;
				GCC_WARN_UNUSED_FUNCTION = YES;
				GCC_WARN_UNUSED_VARIABLE = YES;
				IPHONEOS_DEPLOYMENT_TARGET = 12.1;
				MTL_ENABLE_DEBUG_INFO = INCLUDE_SOURCE;
				MTL_FAST_MATH = YES;
				ONLY_ACTIVE_ARCH = YES;
				SDKROOT = iphoneos;
				SWIFT_ACTIVE_COMPILATION_CONDITIONS = DEBUG;
				SWIFT_OPTIMIZATION_LEVEL = "-Onone";
			};
			name = Debug;
		};
		953AE19223927F9500303725 /* Release */ = {
			isa = XCBuildConfiguration;
			buildSettings = {
				ALWAYS_SEARCH_USER_PATHS = NO;
				CLANG_ANALYZER_NONNULL = YES;
				CLANG_ANALYZER_NUMBER_OBJECT_CONVERSION = YES_AGGRESSIVE;
				CLANG_CXX_LANGUAGE_STANDARD = "gnu++14";
				CLANG_CXX_LIBRARY = "libc++";
				CLANG_ENABLE_MODULES = YES;
				CLANG_ENABLE_OBJC_ARC = YES;
				CLANG_ENABLE_OBJC_WEAK = YES;
				CLANG_WARN_BLOCK_CAPTURE_AUTORELEASING = YES;
				CLANG_WARN_BOOL_CONVERSION = YES;
				CLANG_WARN_COMMA = YES;
				CLANG_WARN_CONSTANT_CONVERSION = YES;
				CLANG_WARN_DEPRECATED_OBJC_IMPLEMENTATIONS = YES;
				CLANG_WARN_DIRECT_OBJC_ISA_USAGE = YES_ERROR;
				CLANG_WARN_DOCUMENTATION_COMMENTS = YES;
				CLANG_WARN_EMPTY_BODY = YES;
				CLANG_WARN_ENUM_CONVERSION = YES;
				CLANG_WARN_INFINITE_RECURSION = YES;
				CLANG_WARN_INT_CONVERSION = YES;
				CLANG_WARN_NON_LITERAL_NULL_CONVERSION = YES;
				CLANG_WARN_OBJC_IMPLICIT_RETAIN_SELF = YES;
				CLANG_WARN_OBJC_LITERAL_CONVERSION = YES;
				CLANG_WARN_OBJC_ROOT_CLASS = YES_ERROR;
				CLANG_WARN_RANGE_LOOP_ANALYSIS = YES;
				CLANG_WARN_STRICT_PROTOTYPES = YES;
				CLANG_WARN_SUSPICIOUS_MOVE = YES;
				CLANG_WARN_UNGUARDED_AVAILABILITY = YES_AGGRESSIVE;
				CLANG_WARN_UNREACHABLE_CODE = YES;
				CLANG_WARN__DUPLICATE_METHOD_MATCH = YES;
				CODE_SIGN_IDENTITY = "iPhone Developer";
				COPY_PHASE_STRIP = NO;
				DEBUG_INFORMATION_FORMAT = "dwarf-with-dsym";
				ENABLE_NS_ASSERTIONS = NO;
				ENABLE_STRICT_OBJC_MSGSEND = YES;
				GCC_C_LANGUAGE_STANDARD = gnu11;
				GCC_NO_COMMON_BLOCKS = YES;
				GCC_WARN_64_TO_32_BIT_CONVERSION = YES;
				GCC_WARN_ABOUT_RETURN_TYPE = YES_ERROR;
				GCC_WARN_UNDECLARED_SELECTOR = YES;
				GCC_WARN_UNINITIALIZED_AUTOS = YES_AGGRESSIVE;
				GCC_WARN_UNUSED_FUNCTION = YES;
				GCC_WARN_UNUSED_VARIABLE = YES;
				IPHONEOS_DEPLOYMENT_TARGET = 12.1;
				MTL_ENABLE_DEBUG_INFO = NO;
				MTL_FAST_MATH = YES;
				SDKROOT = iphoneos;
				SWIFT_COMPILATION_MODE = wholemodule;
				SWIFT_OPTIMIZATION_LEVEL = "-O";
				VALIDATE_PRODUCT = YES;
			};
			name = Release;
		};
		953AE19423927F9500303725 /* Debug */ = {
			isa = XCBuildConfiguration;
			buildSettings = {
				ASSETCATALOG_COMPILER_APPICON_NAME = AppIcon;
				CODE_SIGN_STYLE = Automatic;
				DEVELOPMENT_TEAM = 9RDWH786DV;
				INFOPLIST_FILE = VisitorPatternExample/Info.plist;
				LD_RUNPATH_SEARCH_PATHS = (
					"$(inherited)",
					"@executable_path/Frameworks",
				);
				PRODUCT_BUNDLE_IDENTIFIER = com.VisitorPatternExample;
				PRODUCT_NAME = "$(TARGET_NAME)";
				SWIFT_VERSION = 4.2;
				TARGETED_DEVICE_FAMILY = "1,2";
			};
			name = Debug;
		};
		953AE19523927F9500303725 /* Release */ = {
			isa = XCBuildConfiguration;
			buildSettings = {
				ASSETCATALOG_COMPILER_APPICON_NAME = AppIcon;
				CODE_SIGN_STYLE = Automatic;
				DEVELOPMENT_TEAM = 9RDWH786DV;
				INFOPLIST_FILE = VisitorPatternExample/Info.plist;
				LD_RUNPATH_SEARCH_PATHS = (
					"$(inherited)",
					"@executable_path/Frameworks",
				);
				PRODUCT_BUNDLE_IDENTIFIER = com.VisitorPatternExample;
				PRODUCT_NAME = "$(TARGET_NAME)";
				SWIFT_VERSION = 4.2;
				TARGETED_DEVICE_FAMILY = "1,2";
			};
			name = Release;
		};
/* End XCBuildConfiguration section */

/* Begin XCConfigurationList section */
		953AE17C23927F9500303725 /* Build configuration list for PBXProject "VisitorPatternExample" */ = {
			isa = XCConfigurationList;
			buildConfigurations = (
				953AE19123927F9500303725 /* Debug */,
				953AE19223927F9500303725 /* Release */,
			);
			defaultConfigurationIsVisible = 0;
			defaultConfigurationName = Release;
		};
		953AE19323927F9500303725 /* Build configuration list for PBXNativeTarget "VisitorPatternExample" */ = {
			isa = XCConfigurationList;
			buildConfigurations = (
				953AE19423927F9500303725 /* Debug */,
				953AE19523927F9500303725 /* Release */,
			);
			defaultConfigurationIsVisible = 0;
			defaultConfigurationName = Release;
		};
/* End XCConfigurationList section */
	};
	rootObject = 953AE17923927F9500303725 /* Project object */;
}
