// !$*UTF8*$!
{
	archiveVersion = 1;
	classes = {
	};
	objectVersion = 50;
	objects = {

/* Begin PBXBuildFile section */
		95E08D98236D76A8004F3CD0 /* AppDelegate.swift in Sources */ = {isa = PBXBuildFile; fileRef = 95E08D97236D76A8004F3CD0 /* AppDelegate.swift */; };
		95E08D9A236D76A8004F3CD0 /* ViewController.swift in Sources */ = {isa = PBXBuildFile; fileRef = 95E08D99236D76A8004F3CD0 /* ViewController.swift */; };
		95E08D9D236D76A8004F3CD0 /* Main.storyboard in Resources */ = {isa = PBXBuildFile; fileRef = 95E08D9B236D76A8004F3CD0 /* Main.storyboard */; };
		95E08D9F236D76A9004F3CD0 /* Assets.xcassets in Resources */ = {isa = PBXBuildFile; fileRef = 95E08D9E236D76A9004F3CD0 /* Assets.xcassets */; };
		95E08DA2236D76A9004F3CD0 /* LaunchScreen.storyboard in Resources */ = {isa = PBXBuildFile; fileRef = 95E08DA0236D76A9004F3CD0 /* LaunchScreen.storyboard */; };
		95E08DB6236D776E004F3CD0 /* CargoInteractor.swift in Sources */ = {isa = PBXBuildFile; fileRef = 95E08DB5236D776E004F3CD0 /* CargoInteractor.swift */; };
		95E08DB8236D777A004F3CD0 /* CargoPresenter.swift in Sources */ = {isa = PBXBuildFile; fileRef = 95E08DB7236D777A004F3CD0 /* CargoPresenter.swift */; };
		95E08DBA236D7785004F3CD0 /* CargoModel.swift in Sources */ = {isa = PBXBuildFile; fileRef = 95E08DB9236D7785004F3CD0 /* CargoModel.swift */; };
		95E08DBC236D778E004F3CD0 /* CargoRouter.swift in Sources */ = {isa = PBXBuildFile; fileRef = 95E08DBB236D778E004F3CD0 /* CargoRouter.swift */; };
		95E08DBE236D788C004F3CD0 /* CargoProtocols.swift in Sources */ = {isa = PBXBuildFile; fileRef = 95E08DBD236D788C004F3CD0 /* CargoProtocols.swift */; };
/* End PBXBuildFile section */

/* Begin PBXFileReference section */
		95E08D94236D76A8004F3CD0 /* DesignPatterns.app */ = {isa = PBXFileReference; explicitFileType = wrapper.application; includeInIndex = 0; path = DesignPatterns.app; sourceTree = BUILT_PRODUCTS_DIR; };
		95E08D97236D76A8004F3CD0 /* AppDelegate.swift */ = {isa = PBXFileReference; lastKnownFileType = sourcecode.swift; path = AppDelegate.swift; sourceTree = "<group>"; };
		95E08D99236D76A8004F3CD0 /* ViewController.swift */ = {isa = PBXFileReference; lastKnownFileType = sourcecode.swift; path = ViewController.swift; sourceTree = "<group>"; };
		95E08D9C236D76A8004F3CD0 /* Base */ = {isa = PBXFileReference; lastKnownFileType = file.storyboard; name = Base; path = Base.lproj/Main.storyboard; sourceTree = "<group>"; };
		95E08D9E236D76A9004F3CD0 /* Assets.xcassets */ = {isa = PBXFileReference; lastKnownFileType = folder.assetcatalog; path = Assets.xcassets; sourceTree = "<group>"; };
		95E08DA1236D76A9004F3CD0 /* Base */ = {isa = PBXFileReference; lastKnownFileType = file.storyboard; name = Base; path = Base.lproj/LaunchScreen.storyboard; sourceTree = "<group>"; };
		95E08DA3236D76A9004F3CD0 /* Info.plist */ = {isa = PBXFileReference; lastKnownFileType = text.plist.xml; path = Info.plist; sourceTree = "<group>"; };
		95E08DB5236D776E004F3CD0 /* CargoInteractor.swift */ = {isa = PBXFileReference; lastKnownFileType = sourcecode.swift; path = CargoInteractor.swift; sourceTree = "<group>"; };
		95E08DB7236D777A004F3CD0 /* CargoPresenter.swift */ = {isa = PBXFileReference; lastKnownFileType = sourcecode.swift; path = CargoPresenter.swift; sourceTree = "<group>"; };
		95E08DB9236D7785004F3CD0 /* CargoModel.swift */ = {isa = PBXFileReference; lastKnownFileType = sourcecode.swift; path = CargoModel.swift; sourceTree = "<group>"; };
		95E08DBB236D778E004F3CD0 /* CargoRouter.swift */ = {isa = PBXFileReference; lastKnownFileType = sourcecode.swift; path = CargoRouter.swift; sourceTree = "<group>"; };
		95E08DBD236D788C004F3CD0 /* CargoProtocols.swift */ = {isa = PBXFileReference; lastKnownFileType = sourcecode.swift; path = CargoProtocols.swift; sourceTree = "<group>"; };
/* End PBXFileReference section */

/* Begin PBXFrameworksBuildPhase section */
		95E08D91236D76A8004F3CD0 /* Frameworks */ = {
			isa = PBXFrameworksBuildPhase;
			buildActionMask = 2147483647;
			files = (
			);
			runOnlyForDeploymentPostprocessing = 0;
		};
/* End PBXFrameworksBuildPhase section */

/* Begin PBXGroup section */
		95E08D8B236D76A8004F3CD0 = {
			isa = PBXGroup;
			children = (
				95E08D96236D76A8004F3CD0 /* DesignPatterns */,
				95E08D95236D76A8004F3CD0 /* Products */,
			);
			sourceTree = "<group>";
		};
		95E08D95236D76A8004F3CD0 /* Products */ = {
			isa = PBXGroup;
			children = (
				95E08D94236D76A8004F3CD0 /* DesignPatterns.app */,
			);
			name = Products;
			sourceTree = "<group>";
		};
		95E08D96236D76A8004F3CD0 /* DesignPatterns */ = {
			isa = PBXGroup;
			children = (
				95E08DAC236D76E2004F3CD0 /* Storyboards */,
				95E08DA9236D76AE004F3CD0 /* AppModules */,
				95E08DAB236D76DD004F3CD0 /* Common */,
				95E08DAA236D76CD004F3CD0 /* SupportingFiles */,
			);
			path = DesignPatterns;
			sourceTree = "<group>";
		};
		95E08DA9236D76AE004F3CD0 /* AppModules */ = {
			isa = PBXGroup;
			children = (
				95E08DAD236D76F2004F3CD0 /* Cargo */,
			);
			path = AppModules;
			sourceTree = "<group>";
		};
		95E08DAA236D76CD004F3CD0 /* SupportingFiles */ = {
			isa = PBXGroup;
			children = (
				95E08DA3236D76A9004F3CD0 /* Info.plist */,
				95E08D9E236D76A9004F3CD0 /* Assets.xcassets */,
				95E08D97236D76A8004F3CD0 /* AppDelegate.swift */,
			);
			name = SupportingFiles;
			path = "SupportingFİles";
			sourceTree = "<group>";
		};
		95E08DAB236D76DD004F3CD0 /* Common */ = {
			isa = PBXGroup;
			children = (
			);
			path = Common;
			sourceTree = "<group>";
		};
		95E08DAC236D76E2004F3CD0 /* Storyboards */ = {
			isa = PBXGroup;
			children = (
				95E08D9B236D76A8004F3CD0 /* Main.storyboard */,
				95E08DA0236D76A9004F3CD0 /* LaunchScreen.storyboard */,
			);
			path = Storyboards;
			sourceTree = "<group>";
		};
		95E08DAD236D76F2004F3CD0 /* Cargo */ = {
			isa = PBXGroup;
			children = (
				95E08DAE236D76F7004F3CD0 /* View */,
				95E08DB3236D7719004F3CD0 /* Interactor */,
				95E08DB2236D770F004F3CD0 /* Presenter */,
				95E08DB0236D7703004F3CD0 /* Protocols */,
				95E08DAF236D76FE004F3CD0 /* Entity */,
				95E08DB1236D770A004F3CD0 /* Router */,
			);
			path = Cargo;
			sourceTree = "<group>";
		};
		95E08DAE236D76F7004F3CD0 /* View */ = {
			isa = PBXGroup;
			children = (
				95E08D99236D76A8004F3CD0 /* ViewController.swift */,
			);
			path = View;
			sourceTree = "<group>";
		};
		95E08DAF236D76FE004F3CD0 /* Entity */ = {
			isa = PBXGroup;
			children = (
				95E08DB9236D7785004F3CD0 /* CargoModel.swift */,
			);
			path = Entity;
			sourceTree = "<group>";
		};
		95E08DB0236D7703004F3CD0 /* Protocols */ = {
			isa = PBXGroup;
			children = (
				95E08DBD236D788C004F3CD0 /* CargoProtocols.swift */,
			);
			path = Protocols;
			sourceTree = "<group>";
		};
		95E08DB1236D770A004F3CD0 /* Router */ = {
			isa = PBXGroup;
			children = (
				95E08DBB236D778E004F3CD0 /* CargoRouter.swift */,
			);
			path = Router;
			sourceTree = "<group>";
		};
		95E08DB2236D770F004F3CD0 /* Presenter */ = {
			isa = PBXGroup;
			children = (
				95E08DB7236D777A004F3CD0 /* CargoPresenter.swift */,
			);
			path = Presenter;
			sourceTree = "<group>";
		};
		95E08DB3236D7719004F3CD0 /* Interactor */ = {
			isa = PBXGroup;
			children = (
				95E08DB5236D776E004F3CD0 /* CargoInteractor.swift */,
			);
			path = Interactor;
			sourceTree = "<group>";
		};
/* End PBXGroup section */

/* Begin PBXNativeTarget section */
		95E08D93236D76A8004F3CD0 /* DesignPatterns */ = {
			isa = PBXNativeTarget;
			buildConfigurationList = 95E08DA6236D76A9004F3CD0 /* Build configuration list for PBXNativeTarget "DesignPatterns" */;
			buildPhases = (
				95E08D90236D76A8004F3CD0 /* Sources */,
				95E08D91236D76A8004F3CD0 /* Frameworks */,
				95E08D92236D76A8004F3CD0 /* Resources */,
			);
			buildRules = (
			);
			dependencies = (
			);
			name = DesignPatterns;
			productName = DesignPatterns;
			productReference = 95E08D94236D76A8004F3CD0 /* DesignPatterns.app */;
			productType = "com.apple.product-type.application";
		};
/* End PBXNativeTarget section */

/* Begin PBXProject section */
		95E08D8C236D76A8004F3CD0 /* Project object */ = {
			isa = PBXProject;
			attributes = {
				LastSwiftUpdateCheck = 1020;
				LastUpgradeCheck = 1020;
				ORGANIZATIONNAME = "Tolga Taner";
				TargetAttributes = {
					95E08D93236D76A8004F3CD0 = {
						CreatedOnToolsVersion = 10.2.1;
					};
				};
			};
			buildConfigurationList = 95E08D8F236D76A8004F3CD0 /* Build configuration list for PBXProject "DesignPatterns" */;
			compatibilityVersion = "Xcode 9.3";
			developmentRegion = en;
			hasScannedForEncodings = 0;
			knownRegions = (
				en,
				Base,
			);
			mainGroup = 95E08D8B236D76A8004F3CD0;
			productRefGroup = 95E08D95236D76A8004F3CD0 /* Products */;
			projectDirPath = "";
			projectRoot = "";
			targets = (
				95E08D93236D76A8004F3CD0 /* DesignPatterns */,
			);
		};
/* End PBXProject section */

/* Begin PBXResourcesBuildPhase section */
		95E08D92236D76A8004F3CD0 /* Resources */ = {
			isa = PBXResourcesBuildPhase;
			buildActionMask = 2147483647;
			files = (
				95E08DA2236D76A9004F3CD0 /* LaunchScreen.storyboard in Resources */,
				95E08D9F236D76A9004F3CD0 /* Assets.xcassets in Resources */,
				95E08D9D236D76A8004F3CD0 /* Main.storyboard in Resources */,
			);
			runOnlyForDeploymentPostprocessing = 0;
		};
/* End PBXResourcesBuildPhase section */

/* Begin PBXSourcesBuildPhase section */
		95E08D90236D76A8004F3CD0 /* Sources */ = {
			isa = PBXSourcesBuildPhase;
			buildActionMask = 2147483647;
			files = (
				95E08D9A236D76A8004F3CD0 /* ViewController.swift in Sources */,
				95E08DBC236D778E004F3CD0 /* CargoRouter.swift in Sources */,
				95E08DBA236D7785004F3CD0 /* CargoModel.swift in Sources */,
				95E08DBE236D788C004F3CD0 /* CargoProtocols.swift in Sources */,
				95E08DB6236D776E004F3CD0 /* CargoInteractor.swift in Sources */,
				95E08D98236D76A8004F3CD0 /* AppDelegate.swift in Sources */,
				95E08DB8236D777A004F3CD0 /* CargoPresenter.swift in Sources */,
			);
			runOnlyForDeploymentPostprocessing = 0;
		};
/* End PBXSourcesBuildPhase section */

/* Begin PBXVariantGroup section */
		95E08D9B236D76A8004F3CD0 /* Main.storyboard */ = {
			isa = PBXVariantGroup;
			children = (
				95E08D9C236D76A8004F3CD0 /* Base */,
			);
			name = Main.storyboard;
			sourceTree = "<group>";
		};
		95E08DA0236D76A9004F3CD0 /* LaunchScreen.storyboard */ = {
			isa = PBXVariantGroup;
			children = (
				95E08DA1236D76A9004F3CD0 /* Base */,
			);
			name = LaunchScreen.storyboard;
			sourceTree = "<group>";
		};
/* End PBXVariantGroup section */

/* Begin XCBuildConfiguration section */
		95E08DA4236D76A9004F3CD0 /* Debug */ = {
			isa = XCBuildConfiguration;
			buildSettings = {
				ALWAYS_SEARCH_USER_PATHS = NO;
				CLANG_ANALYZER_NONNULL = YES;
				CLANG_ANALYZER_NUMBER_OBJECT_CONVERSION = YES_AGGRESSIVE;
				CLANG_CXX_LANGUAGE_STANDARD = "gnu++14";
				CLANG_CXX_LIBRARY = "libc++";
				CLANG_ENABLE_MODULES = YES;
				CLANG_ENABLE_OBJC_ARC = YES;
				CLANG_ENABLE_OBJC_WEAK = YES;
				CLANG_WARN_BLOCK_CAPTURE_AUTORELEASING = YES;
				CLANG_WARN_BOOL_CONVERSION = YES;
				CLANG_WARN_COMMA = YES;
				CLANG_WARN_CONSTANT_CONVERSION = YES;
				CLANG_WARN_DEPRECATED_OBJC_IMPLEMENTATIONS = YES;
				CLANG_WARN_DIRECT_OBJC_ISA_USAGE = YES_ERROR;
				CLANG_WARN_DOCUMENTATION_COMMENTS = YES;
				CLANG_WARN_EMPTY_BODY = YES;
				CLANG_WARN_ENUM_CONVERSION = YES;
				CLANG_WARN_INFINITE_RECURSION = YES;
				CLANG_WARN_INT_CONVERSION = YES;
				CLANG_WARN_NON_LITERAL_NULL_CONVERSION = YES;
				CLANG_WARN_OBJC_IMPLICIT_RETAIN_SELF = YES;
				CLANG_WARN_OBJC_LITERAL_CONVERSION = YES;
				CLANG_WARN_OBJC_ROOT_CLASS = YES_ERROR;
				CLANG_WARN_RANGE_LOOP_ANALYSIS = YES;
				CLANG_WARN_STRICT_PROTOTYPES = YES;
				CLANG_WARN_SUSPICIOUS_MOVE = YES;
				CLANG_WARN_UNGUARDED_AVAILABILITY = YES_AGGRESSIVE;
				CLANG_WARN_UNREACHABLE_CODE = YES;
				CLANG_WARN__DUPLICATE_METHOD_MATCH = YES;
				CODE_SIGN_IDENTITY = "iPhone Developer";
				COPY_PHASE_STRIP = NO;
				DEBUG_INFORMATION_FORMAT = dwarf;
				ENABLE_STRICT_OBJC_MSGSEND = YES;
				ENABLE_TESTABILITY = YES;
				GCC_C_LANGUAGE_STANDARD = gnu11;
				GCC_DYNAMIC_NO_PIC = NO;
				GCC_NO_COMMON_BLOCKS = YES;
				GCC_OPTIMIZATION_LEVEL = 0;
				GCC_PREPROCESSOR_DEFINITIONS = (
					"DEBUG=1",
					"$(inherited)",
				);
				GCC_WARN_64_TO_32_BIT_CONVERSION = YES;
				GCC_WARN_ABOUT_RETURN_TYPE = YES_ERROR;
				GCC_WARN_UNDECLARED_SELECTOR = YES;
				GCC_WARN_UNINITIALIZED_AUTOS = YES_AGGRESSIVE;
				GCC_WARN_UNUSED_FUNCTION = YES;
				GCC_WARN_UNUSED_VARIABLE = YES;
				IPHONEOS_DEPLOYMENT_TARGET = 12.2;
				MTL_ENABLE_DEBUG_INFO = INCLUDE_SOURCE;
				MTL_FAST_MATH = YES;
				ONLY_ACTIVE_ARCH = YES;
				SDKROOT = iphoneos;
				SWIFT_ACTIVE_COMPILATION_CONDITIONS = DEBUG;
				SWIFT_OPTIMIZATION_LEVEL = "-Onone";
			};
			name = Debug;
		};
		95E08DA5236D76A9004F3CD0 /* Release */ = {
			isa = XCBuildConfiguration;
			buildSettings = {
				ALWAYS_SEARCH_USER_PATHS = NO;
				CLANG_ANALYZER_NONNULL = YES;
				CLANG_ANALYZER_NUMBER_OBJECT_CONVERSION = YES_AGGRESSIVE;
				CLANG_CXX_LANGUAGE_STANDARD = "gnu++14";
				CLANG_CXX_LIBRARY = "libc++";
				CLANG_ENABLE_MODULES = YES;
				CLANG_ENABLE_OBJC_ARC = YES;
				CLANG_ENABLE_OBJC_WEAK = YES;
				CLANG_WARN_BLOCK_CAPTURE_AUTORELEASING = YES;
				CLANG_WARN_BOOL_CONVERSION = YES;
				CLANG_WARN_COMMA = YES;
				CLANG_WARN_CONSTANT_CONVERSION = YES;
				CLANG_WARN_DEPRECATED_OBJC_IMPLEMENTATIONS = YES;
				CLANG_WARN_DIRECT_OBJC_ISA_USAGE = YES_ERROR;
				CLANG_WARN_DOCUMENTATION_COMMENTS = YES;
				CLANG_WARN_EMPTY_BODY = YES;
				CLANG_WARN_ENUM_CONVERSION = YES;
				CLANG_WARN_INFINITE_RECURSION = YES;
				CLANG_WARN_INT_CONVERSION = YES;
				CLANG_WARN_NON_LITERAL_NULL_CONVERSION = YES;
				CLANG_WARN_OBJC_IMPLICIT_RETAIN_SELF = YES;
				CLANG_WARN_OBJC_LITERAL_CONVERSION = YES;
				CLANG_WARN_OBJC_ROOT_CLASS = YES_ERROR;
				CLANG_WARN_RANGE_LOOP_ANALYSIS = YES;
				CLANG_WARN_STRICT_PROTOTYPES = YES;
				CLANG_WARN_SUSPICIOUS_MOVE = YES;
				CLANG_WARN_UNGUARDED_AVAILABILITY = YES_AGGRESSIVE;
				CLANG_WARN_UNREACHABLE_CODE = YES;
				CLANG_WARN__DUPLICATE_METHOD_MATCH = YES;
				CODE_SIGN_IDENTITY = "iPhone Developer";
				COPY_PHASE_STRIP = NO;
				DEBUG_INFORMATION_FORMAT = "dwarf-with-dsym";
				ENABLE_NS_ASSERTIONS = NO;
				ENABLE_STRICT_OBJC_MSGSEND = YES;
				GCC_C_LANGUAGE_STANDARD = gnu11;
				GCC_NO_COMMON_BLOCKS = YES;
				GCC_WARN_64_TO_32_BIT_CONVERSION = YES;
				GCC_WARN_ABOUT_RETURN_TYPE = YES_ERROR;
				GCC_WARN_UNDECLARED_SELECTOR = YES;
				GCC_WARN_UNINITIALIZED_AUTOS = YES_AGGRESSIVE;
				GCC_WARN_UNUSED_FUNCTION = YES;
				GCC_WARN_UNUSED_VARIABLE = YES;
				IPHONEOS_DEPLOYMENT_TARGET = 12.2;
				MTL_ENABLE_DEBUG_INFO = NO;
				MTL_FAST_MATH = YES;
				SDKROOT = iphoneos;
				SWIFT_COMPILATION_MODE = wholemodule;
				SWIFT_OPTIMIZATION_LEVEL = "-O";
				VALIDATE_PRODUCT = YES;
			};
			name = Release;
		};
		95E08DA7236D76A9004F3CD0 /* Debug */ = {
			isa = XCBuildConfiguration;
			buildSettings = {
				ASSETCATALOG_COMPILER_APPICON_NAME = AppIcon;
				CODE_SIGN_STYLE = Automatic;
				DEVELOPMENT_TEAM = 9RDWH786DV;
				INFOPLIST_FILE = "$(SRCROOT)/DesignPatterns/SupportingFİles/Info.plist";
				LD_RUNPATH_SEARCH_PATHS = (
					"$(inherited)",
					"@executable_path/Frameworks",
				);
				PRODUCT_BUNDLE_IDENTIFIER = com.DesignPatterns;
				PRODUCT_NAME = "$(TARGET_NAME)";
				SWIFT_VERSION = 5.0;
				TARGETED_DEVICE_FAMILY = "1,2";
			};
			name = Debug;
		};
		95E08DA8236D76A9004F3CD0 /* Release */ = {
			isa = XCBuildConfiguration;
			buildSettings = {
				ASSETCATALOG_COMPILER_APPICON_NAME = AppIcon;
				CODE_SIGN_STYLE = Automatic;
				DEVELOPMENT_TEAM = 9RDWH786DV;
				INFOPLIST_FILE = "$(SRCROOT)/DesignPatterns/SupportingFİles/Info.plist";
				LD_RUNPATH_SEARCH_PATHS = (
					"$(inherited)",
					"@executable_path/Frameworks",
				);
				PRODUCT_BUNDLE_IDENTIFIER = com.DesignPatterns;
				PRODUCT_NAME = "$(TARGET_NAME)";
				SWIFT_VERSION = 5.0;
				TARGETED_DEVICE_FAMILY = "1,2";
			};
			name = Release;
		};
/* End XCBuildConfiguration section */

/* Begin XCConfigurationList section */
		95E08D8F236D76A8004F3CD0 /* Build configuration list for PBXProject "DesignPatterns" */ = {
			isa = XCConfigurationList;
			buildConfigurations = (
				95E08DA4236D76A9004F3CD0 /* Debug */,
				95E08DA5236D76A9004F3CD0 /* Release */,
			);
			defaultConfigurationIsVisible = 0;
			defaultConfigurationName = Release;
		};
		95E08DA6236D76A9004F3CD0 /* Build configuration list for PBXNativeTarget "DesignPatterns" */ = {
			isa = XCConfigurationList;
			buildConfigurations = (
				95E08DA7236D76A9004F3CD0 /* Debug */,
				95E08DA8236D76A9004F3CD0 /* Release */,
			);
			defaultConfigurationIsVisible = 0;
			defaultConfigurationName = Release;
		};
/* End XCConfigurationList section */
	};
	rootObject = 95E08D8C236D76A8004F3CD0 /* Project object */;
}
